
Microsoft Visual Studio Solution File, Format Version 12.00
# Visual Studio Version 17
VisualStudioVersion = 17.5.002.0
MinimumVisualStudioVersion = 10.0.40219.1
Project("{9A19103F-16F7-4668-BE54-9A1E7A4F7556}") = "catedra1", "catedra1\catedra1.csproj", "{2CF76D88-0058-48BD-8AC4-E11B8BBC5563}"
EndProject
Global
	GlobalSection(SolutionConfigurationPlatforms) = preSolution
		Debug|Any CPU = Debug|Any CPU
		Release|Any CPU = Release|Any CPU
	EndGlobalSection
	GlobalSection(ProjectConfigurationPlatforms) = postSolution
		{2CF76D88-0058-48BD-8AC4-E11B8BBC5563}.Debug|Any CPU.ActiveCfg = Debug|Any CPU
		{2CF76D88-0058-48BD-8AC4-E11B8BBC5563}.Debug|Any CPU.Build.0 = Debug|Any CPU
		{2CF76D88-0058-48BD-8AC4-E11B8BBC5563}.Release|Any CPU.ActiveCfg = Release|Any CPU
		{2CF76D88-0058-48BD-8AC4-E11B8BBC5563}.Release|Any CPU.Build.0 = Release|Any CPU
	EndGlobalSection
	GlobalSection(SolutionProperties) = preSolution
		HideSolutionNode = FALSE
	EndGlobalSection
	GlobalSection(ExtensibilityGlobals) = postSolution
		SolutionGuid = {0A5F2BDF-0555-4704-B884-873B6EDAA246}
	EndGlobalSection
EndGlobal
